
Microsoft Visual Studio Solution File, Format Version 12.00
# Visual Studio Version 17
VisualStudioVersion = 17.14.36623.8 d17.14
MinimumVisualStudioVersion = 10.0.40219.1
Project("{FAE04EC0-301F-11D3-BF4B-00C04F79EFBC}") = "WebDietScheduler", "WebDietScheduler\WebDietScheduler.csproj", "{273531B4-EAA7-4E1E-9114-D5B9EF774865}"
EndProject
Global
	GlobalSection(SolutionConfigurationPlatforms) = preSolution
		Debug|Any CPU = Debug|Any CPU
		Release|Any CPU = Release|Any CPU
	EndGlobalSection
	GlobalSection(ProjectConfigurationPlatforms) = postSolution
		{273531B4-EAA7-4E1E-9114-D5B9EF774865}.Debug|Any CPU.ActiveCfg = Debug|Any CPU
		{273531B4-EAA7-4E1E-9114-D5B9EF774865}.Debug|Any CPU.Build.0 = Debug|Any CPU
		{273531B4-EAA7-4E1E-9114-D5B9EF774865}.Release|Any CPU.ActiveCfg = Release|Any CPU
		{273531B4-EAA7-4E1E-9114-D5B9EF774865}.Release|Any CPU.Build.0 = Release|Any CPU
	EndGlobalSection
	GlobalSection(SolutionProperties) = preSolution
		HideSolutionNode = FALSE
	EndGlobalSection
	GlobalSection(ExtensibilityGlobals) = postSolution
		SolutionGuid = {708AFF0E-E81F-462F-909F-5B25965E2460}
	EndGlobalSection
EndGlobal
